
Microsoft Visual Studio Solution File, Format Version 12.00
# Visual Studio Version 17
VisualStudioVersion = 17.13.35919.96 d17.13
MinimumVisualStudioVersion = 10.0.40219.1
Project("{FAE04EC0-301F-11D3-BF4B-00C04F79EFBC}") = "ServerSide", "ServerSide\ServerSide.csproj", "{FD43402A-2732-429E-A580-5BB01895690E}"
EndProject
Global
	GlobalSection(SolutionConfigurationPlatforms) = preSolution
		Debug|Any CPU = Debug|Any CPU
		Release|Any CPU = Release|Any CPU
	EndGlobalSection
	GlobalSection(ProjectConfigurationPlatforms) = postSolution
		{FD43402A-2732-429E-A580-5BB01895690E}.Debug|Any CPU.ActiveCfg = Debug|Any CPU
		{FD43402A-2732-429E-A580-5BB01895690E}.Debug|Any CPU.Build.0 = Debug|Any CPU
		{FD43402A-2732-429E-A580-5BB01895690E}.Release|Any CPU.ActiveCfg = Release|Any CPU
		{FD43402A-2732-429E-A580-5BB01895690E}.Release|Any CPU.Build.0 = Release|Any CPU
	EndGlobalSection
	GlobalSection(SolutionProperties) = preSolution
		HideSolutionNode = FALSE
	EndGlobalSection
	GlobalSection(ExtensibilityGlobals) = postSolution
		SolutionGuid = {6B20D6F2-BC5D-4502-9070-E3530901CA7A}
	EndGlobalSection
EndGlobal
